
Microsoft Visual Studio Solution File, Format Version 12.00
# Visual Studio Version 17
VisualStudioVersion = 17.12.35527.113 d17.12
MinimumVisualStudioVersion = 10.0.40219.1
Project("{FAE04EC0-301F-11D3-BF4B-00C04F79EFBC}") = "FinalProject.Core", "FinalProject.Core\FinalProject.Core.csproj", "{83D31B15-C6B3-417F-8A83-A679353F0755}"
EndProject
Project("{FAE04EC0-301F-11D3-BF4B-00C04F79EFBC}") = "FinalProject.DL", "FinalProject.DL\FinalProject.DL.csproj", "{C5BC85DC-B0CC-462F-BB11-235F050FA8FD}"
EndProject
Project("{FAE04EC0-301F-11D3-BF4B-00C04F79EFBC}") = "FinalProject.BL", "FinalProject.BL\FinalProject.BL.csproj", "{FA381713-9787-41B3-91B7-4131E78E115C}"
EndProject
Project("{FAE04EC0-301F-11D3-BF4B-00C04F79EFBC}") = "FinalProject.API", "FinalProject.API\FinalProject.API.csproj", "{DEA60F52-D009-4D92-B21B-37F8F52FA860}"
EndProject
Global
	GlobalSection(SolutionConfigurationPlatforms) = preSolution
		Debug|Any CPU = Debug|Any CPU
		Release|Any CPU = Release|Any CPU
	EndGlobalSection
	GlobalSection(ProjectConfigurationPlatforms) = postSolution
		{83D31B15-C6B3-417F-8A83-A679353F0755}.Debug|Any CPU.ActiveCfg = Debug|Any CPU
		{83D31B15-C6B3-417F-8A83-A679353F0755}.Debug|Any CPU.Build.0 = Debug|Any CPU
		{83D31B15-C6B3-417F-8A83-A679353F0755}.Release|Any CPU.ActiveCfg = Release|Any CPU
		{83D31B15-C6B3-417F-8A83-A679353F0755}.Release|Any CPU.Build.0 = Release|Any CPU
		{C5BC85DC-B0CC-462F-BB11-235F050FA8FD}.Debug|Any CPU.ActiveCfg = Debug|Any CPU
		{C5BC85DC-B0CC-462F-BB11-235F050FA8FD}.Debug|Any CPU.Build.0 = Debug|Any CPU
		{C5BC85DC-B0CC-462F-BB11-235F050FA8FD}.Release|Any CPU.ActiveCfg = Release|Any CPU
		{C5BC85DC-B0CC-462F-BB11-235F050FA8FD}.Release|Any CPU.Build.0 = Release|Any CPU
		{FA381713-9787-41B3-91B7-4131E78E115C}.Debug|Any CPU.ActiveCfg = Debug|Any CPU
		{FA381713-9787-41B3-91B7-4131E78E115C}.Debug|Any CPU.Build.0 = Debug|Any CPU
		{FA381713-9787-41B3-91B7-4131E78E115C}.Release|Any CPU.ActiveCfg = Release|Any CPU
		{FA381713-9787-41B3-91B7-4131E78E115C}.Release|Any CPU.Build.0 = Release|Any CPU
		{DEA60F52-D009-4D92-B21B-37F8F52FA860}.Debug|Any CPU.ActiveCfg = Debug|Any CPU
		{DEA60F52-D009-4D92-B21B-37F8F52FA860}.Debug|Any CPU.Build.0 = Debug|Any CPU
		{DEA60F52-D009-4D92-B21B-37F8F52FA860}.Release|Any CPU.ActiveCfg = Release|Any CPU
		{DEA60F52-D009-4D92-B21B-37F8F52FA860}.Release|Any CPU.Build.0 = Release|Any CPU
	EndGlobalSection
	GlobalSection(SolutionProperties) = preSolution
		HideSolutionNode = FALSE
	EndGlobalSection
EndGlobal
